
Microsoft Visual Studio Solution File, Format Version 12.00
# Visual Studio Version 16
VisualStudioVersion = 16.0.29926.136
MinimumVisualStudioVersion = 10.0.40219.1
Project("{FAE04EC0-301F-11D3-BF4B-00C04F79EFBC}") = "PostDietProgress", "PostDietProgress\PostDietProgress.csproj", "{961A3FE9-8EE3-4B18-946C-8457D86E5908}"
EndProject
Global
	GlobalSection(SolutionConfigurationPlatforms) = preSolution
		Debug|Any CPU = Debug|Any CPU
		Release|Any CPU = Release|Any CPU
	EndGlobalSection
	GlobalSection(ProjectConfigurationPlatforms) = postSolution
		{961A3FE9-8EE3-4B18-946C-8457D86E5908}.Debug|Any CPU.ActiveCfg = Debug|Any CPU
		{961A3FE9-8EE3-4B18-946C-8457D86E5908}.Debug|Any CPU.Build.0 = Debug|Any CPU
		{961A3FE9-8EE3-4B18-946C-8457D86E5908}.Release|Any CPU.ActiveCfg = Release|Any CPU
		{961A3FE9-8EE3-4B18-946C-8457D86E5908}.Release|Any CPU.Build.0 = Release|Any CPU
	EndGlobalSection
	GlobalSection(SolutionProperties) = preSolution
		HideSolutionNode = FALSE
	EndGlobalSection
	GlobalSection(ExtensibilityGlobals) = postSolution
		SolutionGuid = {C0805068-E935-4AA0-9FD3-43271B55EF0B}
	EndGlobalSection
EndGlobal
